// !$*UTF8*$!
{
	archiveVersion = 1;
	classes = {
	};
	objectVersion = 50;
	objects = {

/* Begin PBXBuildFile section */
		8C372C0927B5A870007A0D08 /* AppDelegate.swift in Sources */ = {isa = PBXBuildFile; fileRef = 8C372C0827B5A870007A0D08 /* AppDelegate.swift */; };
		8C372C0B27B5A870007A0D08 /* SceneDelegate.swift in Sources */ = {isa = PBXBuildFile; fileRef = 8C372C0A27B5A870007A0D08 /* SceneDelegate.swift */; };
		8C372C0D27B5A870007A0D08 /* ViewController.swift in Sources */ = {isa = PBXBuildFile; fileRef = 8C372C0C27B5A870007A0D08 /* ViewController.swift */; };
		8C372C1027B5A870007A0D08 /* Main.storyboard in Resources */ = {isa = PBXBuildFile; fileRef = 8C372C0E27B5A870007A0D08 /* Main.storyboard */; };
		8C372C1227B5A879007A0D08 /* Assets.xcassets in Resources */ = {isa = PBXBuildFile; fileRef = 8C372C1127B5A879007A0D08 /* Assets.xcassets */; };
		8C372C1527B5A879007A0D08 /* LaunchScreen.storyboard in Resources */ = {isa = PBXBuildFile; fileRef = 8C372C1327B5A879007A0D08 /* LaunchScreen.storyboard */; };
		8C372C2E27B5B038007A0D08 /* NewViewController.swift in Sources */ = {isa = PBXBuildFile; fileRef = 8C372C2D27B5B038007A0D08 /* NewViewController.swift */; };
		8C372C3227B5B916007A0D08 /* TextField.swift in Sources */ = {isa = PBXBuildFile; fileRef = 8C372C3127B5B916007A0D08 /* TextField.swift */; };
		8C372CF127B85D86007A0D08 /* TTDLoginTestsa.swift in Sources */ = {isa = PBXBuildFile; fileRef = 8C372CF027B85D86007A0D08 /* TTDLoginTestsa.swift */; };
/* End PBXBuildFile section */

/* Begin PBXContainerItemProxy section */
		8C372C2627B5AD6E007A0D08 /* PBXContainerItemProxy */ = {
			isa = PBXContainerItemProxy;
			containerPortal = 8C372BFD27B5A870007A0D08 /* Project object */;
			proxyType = 1;
			remoteGlobalIDString = 8C372C0427B5A870007A0D08;
			remoteInfo = TTDLogin;
		};
		8C372CF327B85D86007A0D08 /* PBXContainerItemProxy */ = {
			isa = PBXContainerItemProxy;
			containerPortal = 8C372BFD27B5A870007A0D08 /* Project object */;
			proxyType = 1;
			remoteGlobalIDString = 8C372C0427B5A870007A0D08;
			remoteInfo = TTDLogin;
		};
/* End PBXContainerItemProxy section */

/* Begin PBXFileReference section */
		8C372C0527B5A870007A0D08 /* TTDLogin.app */ = {isa = PBXFileReference; explicitFileType = wrapper.application; includeInIndex = 0; path = TTDLogin.app; sourceTree = BUILT_PRODUCTS_DIR; };
		8C372C0827B5A870007A0D08 /* AppDelegate.swift */ = {isa = PBXFileReference; lastKnownFileType = sourcecode.swift; path = AppDelegate.swift; sourceTree = "<group>"; };
		8C372C0A27B5A870007A0D08 /* SceneDelegate.swift */ = {isa = PBXFileReference; lastKnownFileType = sourcecode.swift; path = SceneDelegate.swift; sourceTree = "<group>"; };
		8C372C0C27B5A870007A0D08 /* ViewController.swift */ = {isa = PBXFileReference; lastKnownFileType = sourcecode.swift; path = ViewController.swift; sourceTree = "<group>"; };
		8C372C0F27B5A870007A0D08 /* Base */ = {isa = PBXFileReference; lastKnownFileType = file.storyboard; name = Base; path = Base.lproj/Main.storyboard; sourceTree = "<group>"; };
		8C372C1127B5A879007A0D08 /* Assets.xcassets */ = {isa = PBXFileReference; lastKnownFileType = folder.assetcatalog; path = Assets.xcassets; sourceTree = "<group>"; };
		8C372C1427B5A879007A0D08 /* Base */ = {isa = PBXFileReference; lastKnownFileType = file.storyboard; name = Base; path = Base.lproj/LaunchScreen.storyboard; sourceTree = "<group>"; };
		8C372C1627B5A879007A0D08 /* Info.plist */ = {isa = PBXFileReference; lastKnownFileType = text.plist.xml; path = Info.plist; sourceTree = "<group>"; };
		8C372C2127B5AD6E007A0D08 /* TTDLoginTests.xctest */ = {isa = PBXFileReference; explicitFileType = wrapper.cfbundle; includeInIndex = 0; path = TTDLoginTests.xctest; sourceTree = BUILT_PRODUCTS_DIR; };
		8C372C2527B5AD6E007A0D08 /* Info.plist */ = {isa = PBXFileReference; lastKnownFileType = text.plist.xml; path = Info.plist; sourceTree = "<group>"; };
		8C372C2D27B5B038007A0D08 /* NewViewController.swift */ = {isa = PBXFileReference; lastKnownFileType = sourcecode.swift; path = NewViewController.swift; sourceTree = "<group>"; };
		8C372C3127B5B916007A0D08 /* TextField.swift */ = {isa = PBXFileReference; lastKnownFileType = sourcecode.swift; path = TextField.swift; sourceTree = "<group>"; };
		8C372CEE27B85D86007A0D08 /* TTDLoginTestsa.xctest */ = {isa = PBXFileReference; explicitFileType = wrapper.cfbundle; includeInIndex = 0; path = TTDLoginTestsa.xctest; sourceTree = BUILT_PRODUCTS_DIR; };
		8C372CF027B85D86007A0D08 /* TTDLoginTestsa.swift */ = {isa = PBXFileReference; lastKnownFileType = sourcecode.swift; path = TTDLoginTestsa.swift; sourceTree = "<group>"; };
		8C372CF227B85D86007A0D08 /* Info.plist */ = {isa = PBXFileReference; lastKnownFileType = text.plist.xml; path = Info.plist; sourceTree = "<group>"; };
/* End PBXFileReference section */

/* Begin PBXFrameworksBuildPhase section */
		8C372C0227B5A870007A0D08 /* Frameworks */ = {
			isa = PBXFrameworksBuildPhase;
			buildActionMask = 2147483647;
			files = (
			);
			runOnlyForDeploymentPostprocessing = 0;
		};
		8C372C1E27B5AD6E007A0D08 /* Frameworks */ = {
			isa = PBXFrameworksBuildPhase;
			buildActionMask = 2147483647;
			files = (
			);
			runOnlyForDeploymentPostprocessing = 0;
		};
		8C372CEB27B85D86007A0D08 /* Frameworks */ = {
			isa = PBXFrameworksBuildPhase;
			buildActionMask = 2147483647;
			files = (
			);
			runOnlyForDeploymentPostprocessing = 0;
		};
/* End PBXFrameworksBuildPhase section */

/* Begin PBXGroup section */
		8C372BFC27B5A870007A0D08 = {
			isa = PBXGroup;
			children = (
				8C372C0727B5A870007A0D08 /* TTDLogin */,
				8C372C2227B5AD6E007A0D08 /* TTDLoginTests */,
				8C372CEF27B85D86007A0D08 /* TTDLoginTestsa */,
				8C372C0627B5A870007A0D08 /* Products */,
			);
			sourceTree = "<group>";
		};
		8C372C0627B5A870007A0D08 /* Products */ = {
			isa = PBXGroup;
			children = (
				8C372C0527B5A870007A0D08 /* TTDLogin.app */,
				8C372C2127B5AD6E007A0D08 /* TTDLoginTests.xctest */,
				8C372CEE27B85D86007A0D08 /* TTDLoginTestsa.xctest */,
			);
			name = Products;
			sourceTree = "<group>";
		};
		8C372C0727B5A870007A0D08 /* TTDLogin */ = {
			isa = PBXGroup;
			children = (
				8C372C0827B5A870007A0D08 /* AppDelegate.swift */,
				8C372C0A27B5A870007A0D08 /* SceneDelegate.swift */,
				8C372C0C27B5A870007A0D08 /* ViewController.swift */,
				8C372C3127B5B916007A0D08 /* TextField.swift */,
				8C372C0E27B5A870007A0D08 /* Main.storyboard */,
				8C372C2D27B5B038007A0D08 /* NewViewController.swift */,
				8C372C1127B5A879007A0D08 /* Assets.xcassets */,
				8C372C1327B5A879007A0D08 /* LaunchScreen.storyboard */,
				8C372C1627B5A879007A0D08 /* Info.plist */,
			);
			path = TTDLogin;
			sourceTree = "<group>";
		};
		8C372C2227B5AD6E007A0D08 /* TTDLoginTests */ = {
			isa = PBXGroup;
			children = (
				8C372C2527B5AD6E007A0D08 /* Info.plist */,
			);
			path = TTDLoginTests;
			sourceTree = "<group>";
		};
		8C372CEF27B85D86007A0D08 /* TTDLoginTestsa */ = {
			isa = PBXGroup;
			children = (
				8C372CF027B85D86007A0D08 /* TTDLoginTestsa.swift */,
				8C372CF227B85D86007A0D08 /* Info.plist */,
			);
			path = TTDLoginTestsa;
			sourceTree = "<group>";
		};
/* End PBXGroup section */

/* Begin PBXNativeTarget section */
		8C372C0427B5A870007A0D08 /* TTDLogin */ = {
			isa = PBXNativeTarget;
			buildConfigurationList = 8C372C1927B5A879007A0D08 /* Build configuration list for PBXNativeTarget "TTDLogin" */;
			buildPhases = (
				8C372C0127B5A870007A0D08 /* Sources */,
				8C372C0227B5A870007A0D08 /* Frameworks */,
				8C372C0327B5A870007A0D08 /* Resources */,
			);
			buildRules = (
			);
			dependencies = (
			);
			name = TTDLogin;
			productName = TTDLogin;
			productReference = 8C372C0527B5A870007A0D08 /* TTDLogin.app */;
			productType = "com.apple.product-type.application";
		};
		8C372C2027B5AD6E007A0D08 /* TTDLoginTests */ = {
			isa = PBXNativeTarget;
			buildConfigurationList = 8C372C2827B5AD6E007A0D08 /* Build configuration list for PBXNativeTarget "TTDLoginTests" */;
			buildPhases = (
				8C372C1D27B5AD6E007A0D08 /* Sources */,
				8C372C1E27B5AD6E007A0D08 /* Frameworks */,
				8C372C1F27B5AD6E007A0D08 /* Resources */,
			);
			buildRules = (
			);
			dependencies = (
				8C372C2727B5AD6E007A0D08 /* PBXTargetDependency */,
			);
			name = TTDLoginTests;
			productName = TTDLoginTests;
			productReference = 8C372C2127B5AD6E007A0D08 /* TTDLoginTests.xctest */;
			productType = "com.apple.product-type.bundle.unit-test";
		};
		8C372CED27B85D86007A0D08 /* TTDLoginTestsa */ = {
			isa = PBXNativeTarget;
			buildConfigurationList = 8C372CF527B85D86007A0D08 /* Build configuration list for PBXNativeTarget "TTDLoginTestsa" */;
			buildPhases = (
				8C372CEA27B85D86007A0D08 /* Sources */,
				8C372CEB27B85D86007A0D08 /* Frameworks */,
				8C372CEC27B85D86007A0D08 /* Resources */,
			);
			buildRules = (
			);
			dependencies = (
				8C372CF427B85D86007A0D08 /* PBXTargetDependency */,
			);
			name = TTDLoginTestsa;
			productName = TTDLoginTestsa;
			productReference = 8C372CEE27B85D86007A0D08 /* TTDLoginTestsa.xctest */;
			productType = "com.apple.product-type.bundle.unit-test";
		};
/* End PBXNativeTarget section */

/* Begin PBXProject section */
		8C372BFD27B5A870007A0D08 /* Project object */ = {
			isa = PBXProject;
			attributes = {
				LastSwiftUpdateCheck = 1240;
				LastUpgradeCheck = 1240;
				TargetAttributes = {
					8C372C0427B5A870007A0D08 = {
						CreatedOnToolsVersion = 12.4;
					};
					8C372C2027B5AD6E007A0D08 = {
						CreatedOnToolsVersion = 12.4;
						TestTargetID = 8C372C0427B5A870007A0D08;
					};
					8C372CED27B85D86007A0D08 = {
						CreatedOnToolsVersion = 12.4;
						TestTargetID = 8C372C0427B5A870007A0D08;
					};
				};
			};
			buildConfigurationList = 8C372C0027B5A870007A0D08 /* Build configuration list for PBXProject "TTDLogin" */;
			compatibilityVersion = "Xcode 9.3";
			developmentRegion = en;
			hasScannedForEncodings = 0;
			knownRegions = (
				en,
				Base,
			);
			mainGroup = 8C372BFC27B5A870007A0D08;
			productRefGroup = 8C372C0627B5A870007A0D08 /* Products */;
			projectDirPath = "";
			projectRoot = "";
			targets = (
				8C372C0427B5A870007A0D08 /* TTDLogin */,
				8C372C2027B5AD6E007A0D08 /* TTDLoginTests */,
				8C372CED27B85D86007A0D08 /* TTDLoginTestsa */,
			);
		};
/* End PBXProject section */

/* Begin PBXResourcesBuildPhase section */
		8C372C0327B5A870007A0D08 /* Resources */ = {
			isa = PBXResourcesBuildPhase;
			buildActionMask = 2147483647;
			files = (
				8C372C1527B5A879007A0D08 /* LaunchScreen.storyboard in Resources */,
				8C372C1227B5A879007A0D08 /* Assets.xcassets in Resources */,
				8C372C1027B5A870007A0D08 /* Main.storyboard in Resources */,
			);
			runOnlyForDeploymentPostprocessing = 0;
		};
		8C372C1F27B5AD6E007A0D08 /* Resources */ = {
			isa = PBXResourcesBuildPhase;
			buildActionMask = 2147483647;
			files = (
			);
			runOnlyForDeploymentPostprocessing = 0;
		};
		8C372CEC27B85D86007A0D08 /* Resources */ = {
			isa = PBXResourcesBuildPhase;
			buildActionMask = 2147483647;
			files = (
			);
			runOnlyForDeploymentPostprocessing = 0;
		};
/* End PBXResourcesBuildPhase section */

/* Begin PBXSourcesBuildPhase section */
		8C372C0127B5A870007A0D08 /* Sources */ = {
			isa = PBXSourcesBuildPhase;
			buildActionMask = 2147483647;
			files = (
				8C372C0D27B5A870007A0D08 /* ViewController.swift in Sources */,
				8C372C0927B5A870007A0D08 /* AppDelegate.swift in Sources */,
				8C372C0B27B5A870007A0D08 /* SceneDelegate.swift in Sources */,
				8C372C3227B5B916007A0D08 /* TextField.swift in Sources */,
				8C372C2E27B5B038007A0D08 /* NewViewController.swift in Sources */,
			);
			runOnlyForDeploymentPostprocessing = 0;
		};
		8C372C1D27B5AD6E007A0D08 /* Sources */ = {
			isa = PBXSourcesBuildPhase;
			buildActionMask = 2147483647;
			files = (
			);
			runOnlyForDeploymentPostprocessing = 0;
		};
		8C372CEA27B85D86007A0D08 /* Sources */ = {
			isa = PBXSourcesBuildPhase;
			buildActionMask = 2147483647;
			files = (
				8C372CF127B85D86007A0D08 /* TTDLoginTestsa.swift in Sources */,
			);
			runOnlyForDeploymentPostprocessing = 0;
		};
/* End PBXSourcesBuildPhase section */

/* Begin PBXTargetDependency section */
		8C372C2727B5AD6E007A0D08 /* PBXTargetDependency */ = {
			isa = PBXTargetDependency;
			target = 8C372C0427B5A870007A0D08 /* TTDLogin */;
			targetProxy = 8C372C2627B5AD6E007A0D08 /* PBXContainerItemProxy */;
		};
		8C372CF427B85D86007A0D08 /* PBXTargetDependency */ = {
			isa = PBXTargetDependency;
			target = 8C372C0427B5A870007A0D08 /* TTDLogin */;
			targetProxy = 8C372CF327B85D86007A0D08 /* PBXContainerItemProxy */;
		};
/* End PBXTargetDependency section */

/* Begin PBXVariantGroup section */
		8C372C0E27B5A870007A0D08 /* Main.storyboard */ = {
			isa = PBXVariantGroup;
			children = (
				8C372C0F27B5A870007A0D08 /* Base */,
			);
			name = Main.storyboard;
			sourceTree = "<group>";
		};
		8C372C1327B5A879007A0D08 /* LaunchScreen.storyboard */ = {
			isa = PBXVariantGroup;
			children = (
				8C372C1427B5A879007A0D08 /* Base */,
			);
			name = LaunchScreen.storyboard;
			sourceTree = "<group>";
		};
/* End PBXVariantGroup section */

/* Begin XCBuildConfiguration section */
		8C372C1727B5A879007A0D08 /* Debug */ = {
			isa = XCBuildConfiguration;
			buildSettings = {
				ALWAYS_SEARCH_USER_PATHS = NO;
				CLANG_ANALYZER_NONNULL = YES;
				CLANG_ANALYZER_NUMBER_OBJECT_CONVERSION = YES_AGGRESSIVE;
				CLANG_CXX_LANGUAGE_STANDARD = "gnu++14";
				CLANG_CXX_LIBRARY = "libc++";
				CLANG_ENABLE_MODULES = YES;
				CLANG_ENABLE_OBJC_ARC = YES;
				CLANG_ENABLE_OBJC_WEAK = YES;
				CLANG_WARN_BLOCK_CAPTURE_AUTORELEASING = YES;
				CLANG_WARN_BOOL_CONVERSION = YES;
				CLANG_WARN_COMMA = YES;
				CLANG_WARN_CONSTANT_CONVERSION = YES;
				CLANG_WARN_DEPRECATED_OBJC_IMPLEMENTATIONS = YES;
				CLANG_WARN_DIRECT_OBJC_ISA_USAGE = YES_ERROR;
				CLANG_WARN_DOCUMENTATION_COMMENTS = YES;
				CLANG_WARN_EMPTY_BODY = YES;
				CLANG_WARN_ENUM_CONVERSION = YES;
				CLANG_WARN_INFINITE_RECURSION = YES;
				CLANG_WARN_INT_CONVERSION = YES;
				CLANG_WARN_NON_LITERAL_NULL_CONVERSION = YES;
				CLANG_WARN_OBJC_IMPLICIT_RETAIN_SELF = YES;
				CLANG_WARN_OBJC_LITERAL_CONVERSION = YES;
				CLANG_WARN_OBJC_ROOT_CLASS = YES_ERROR;
				CLANG_WARN_QUOTED_INCLUDE_IN_FRAMEWORK_HEADER = YES;
				CLANG_WARN_RANGE_LOOP_ANALYSIS = YES;
				CLANG_WARN_STRICT_PROTOTYPES = YES;
				CLANG_WARN_SUSPICIOUS_MOVE = YES;
				CLANG_WARN_UNGUARDED_AVAILABILITY = YES_AGGRESSIVE;
				CLANG_WARN_UNREACHABLE_CODE = YES;
				CLANG_WARN__DUPLICATE_METHOD_MATCH = YES;
				COPY_PHASE_STRIP = NO;
				DEBUG_INFORMATION_FORMAT = dwarf;
				ENABLE_STRICT_OBJC_MSGSEND = YES;
				ENABLE_TESTABILITY = YES;
				GCC_C_LANGUAGE_STANDARD = gnu11;
				GCC_DYNAMIC_NO_PIC = NO;
				GCC_NO_COMMON_BLOCKS = YES;
				GCC_OPTIMIZATION_LEVEL = 0;
				GCC_PREPROCESSOR_DEFINITIONS = (
					"DEBUG=1",
					"$(inherited)",
				);
				GCC_WARN_64_TO_32_BIT_CONVERSION = YES;
				GCC_WARN_ABOUT_RETURN_TYPE = YES_ERROR;
				GCC_WARN_UNDECLARED_SELECTOR = YES;
				GCC_WARN_UNINITIALIZED_AUTOS = YES_AGGRESSIVE;
				GCC_WARN_UNUSED_FUNCTION = YES;
				GCC_WARN_UNUSED_VARIABLE = YES;
				IPHONEOS_DEPLOYMENT_TARGET = 14.4;
				MTL_ENABLE_DEBUG_INFO = INCLUDE_SOURCE;
				MTL_FAST_MATH = YES;
				ONLY_ACTIVE_ARCH = YES;
				SDKROOT = iphoneos;
				SWIFT_ACTIVE_COMPILATION_CONDITIONS = DEBUG;
				SWIFT_OPTIMIZATION_LEVEL = "-Onone";
			};
			name = Debug;
		};
		8C372C1827B5A879007A0D08 /* Release */ = {
			isa = XCBuildConfiguration;
			buildSettings = {
				ALWAYS_SEARCH_USER_PATHS = NO;
				CLANG_ANALYZER_NONNULL = YES;
				CLANG_ANALYZER_NUMBER_OBJECT_CONVERSION = YES_AGGRESSIVE;
				CLANG_CXX_LANGUAGE_STANDARD = "gnu++14";
				CLANG_CXX_LIBRARY = "libc++";
				CLANG_ENABLE_MODULES = YES;
				CLANG_ENABLE_OBJC_ARC = YES;
				CLANG_ENABLE_OBJC_WEAK = YES;
				CLANG_WARN_BLOCK_CAPTURE_AUTORELEASING = YES;
				CLANG_WARN_BOOL_CONVERSION = YES;
				CLANG_WARN_COMMA = YES;
				CLANG_WARN_CONSTANT_CONVERSION = YES;
				CLANG_WARN_DEPRECATED_OBJC_IMPLEMENTATIONS = YES;
				CLANG_WARN_DIRECT_OBJC_ISA_USAGE = YES_ERROR;
				CLANG_WARN_DOCUMENTATION_COMMENTS = YES;
				CLANG_WARN_EMPTY_BODY = YES;
				CLANG_WARN_ENUM_CONVERSION = YES;
				CLANG_WARN_INFINITE_RECURSION = YES;
				CLANG_WARN_INT_CONVERSION = YES;
				CLANG_WARN_NON_LITERAL_NULL_CONVERSION = YES;
				CLANG_WARN_OBJC_IMPLICIT_RETAIN_SELF = YES;
				CLANG_WARN_OBJC_LITERAL_CONVERSION = YES;
				CLANG_WARN_OBJC_ROOT_CLASS = YES_ERROR;
				CLANG_WARN_QUOTED_INCLUDE_IN_FRAMEWORK_HEADER = YES;
				CLANG_WARN_RANGE_LOOP_ANALYSIS = YES;
				CLANG_WARN_STRICT_PROTOTYPES = YES;
				CLANG_WARN_SUSPICIOUS_MOVE = YES;
				CLANG_WARN_UNGUARDED_AVAILABILITY = YES_AGGRESSIVE;
				CLANG_WARN_UNREACHABLE_CODE = YES;
				CLANG_WARN__DUPLICATE_METHOD_MATCH = YES;
				COPY_PHASE_STRIP = NO;
				DEBUG_INFORMATION_FORMAT = "dwarf-with-dsym";
				ENABLE_NS_ASSERTIONS = NO;
				ENABLE_STRICT_OBJC_MSGSEND = YES;
				GCC_C_LANGUAGE_STANDARD = gnu11;
				GCC_NO_COMMON_BLOCKS = YES;
				GCC_WARN_64_TO_32_BIT_CONVERSION = YES;
				GCC_WARN_ABOUT_RETURN_TYPE = YES_ERROR;
				GCC_WARN_UNDECLARED_SELECTOR = YES;
				GCC_WARN_UNINITIALIZED_AUTOS = YES_AGGRESSIVE;
				GCC_WARN_UNUSED_FUNCTION = YES;
				GCC_WARN_UNUSED_VARIABLE = YES;
				IPHONEOS_DEPLOYMENT_TARGET = 14.4;
				MTL_ENABLE_DEBUG_INFO = NO;
				MTL_FAST_MATH = YES;
				SDKROOT = iphoneos;
				SWIFT_COMPILATION_MODE = wholemodule;
				SWIFT_OPTIMIZATION_LEVEL = "-O";
				VALIDATE_PRODUCT = YES;
			};
			name = Release;
		};
		8C372C1A27B5A879007A0D08 /* Debug */ = {
			isa = XCBuildConfiguration;
			buildSettings = {
				ASSETCATALOG_COMPILER_APPICON_NAME = AppIcon;
				ASSETCATALOG_COMPILER_GLOBAL_ACCENT_COLOR_NAME = AccentColor;
				CODE_SIGN_STYLE = Automatic;
				DEVELOPMENT_TEAM = CRPB5AHSY2;
				INFOPLIST_FILE = TTDLogin/Info.plist;
				LD_RUNPATH_SEARCH_PATHS = (
					"$(inherited)",
					"@executable_path/Frameworks",
				);
				PRODUCT_BUNDLE_IDENTIFIER = NateW.TTDLogin;
				PRODUCT_NAME = "$(TARGET_NAME)";
				SWIFT_VERSION = 5.0;
				TARGETED_DEVICE_FAMILY = "1,2";
			};
			name = Debug;
		};
		8C372C1B27B5A879007A0D08 /* Release */ = {
			isa = XCBuildConfiguration;
			buildSettings = {
				ASSETCATALOG_COMPILER_APPICON_NAME = AppIcon;
				ASSETCATALOG_COMPILER_GLOBAL_ACCENT_COLOR_NAME = AccentColor;
				CODE_SIGN_STYLE = Automatic;
				DEVELOPMENT_TEAM = CRPB5AHSY2;
				INFOPLIST_FILE = TTDLogin/Info.plist;
				LD_RUNPATH_SEARCH_PATHS = (
					"$(inherited)",
					"@executable_path/Frameworks",
				);
				PRODUCT_BUNDLE_IDENTIFIER = NateW.TTDLogin;
				PRODUCT_NAME = "$(TARGET_NAME)";
				SWIFT_VERSION = 5.0;
				TARGETED_DEVICE_FAMILY = "1,2";
			};
			name = Release;
		};
		8C372C2927B5AD6E007A0D08 /* Debug */ = {
			isa = XCBuildConfiguration;
			buildSettings = {
				BUNDLE_LOADER = "$(TEST_HOST)";
				CODE_SIGN_STYLE = Automatic;
				DEVELOPMENT_TEAM = CRPB5AHSY2;
				INFOPLIST_FILE = TTDLoginTests/Info.plist;
				LD_RUNPATH_SEARCH_PATHS = (
					"$(inherited)",
					"@executable_path/Frameworks",
					"@loader_path/Frameworks",
				);
				PRODUCT_BUNDLE_IDENTIFIER = NateW.TTDLoginTests;
				PRODUCT_NAME = "$(TARGET_NAME)";
				SWIFT_VERSION = 5.0;
				TARGETED_DEVICE_FAMILY = "1,2";
				TEST_HOST = "$(BUILT_PRODUCTS_DIR)/TTDLogin.app/TTDLogin";
			};
			name = Debug;
		};
		8C372C2A27B5AD6E007A0D08 /* Release */ = {
			isa = XCBuildConfiguration;
			buildSettings = {
				BUNDLE_LOADER = "$(TEST_HOST)";
				CODE_SIGN_STYLE = Automatic;
				DEVELOPMENT_TEAM = CRPB5AHSY2;
				INFOPLIST_FILE = TTDLoginTests/Info.plist;
				LD_RUNPATH_SEARCH_PATHS = (
					"$(inherited)",
					"@executable_path/Frameworks",
					"@loader_path/Frameworks",
				);
				PRODUCT_BUNDLE_IDENTIFIER = NateW.TTDLoginTests;
				PRODUCT_NAME = "$(TARGET_NAME)";
				SWIFT_VERSION = 5.0;
				TARGETED_DEVICE_FAMILY = "1,2";
				TEST_HOST = "$(BUILT_PRODUCTS_DIR)/TTDLogin.app/TTDLogin";
			};
			name = Release;
		};
		8C372CF627B85D86007A0D08 /* Debug */ = {
			isa = XCBuildConfiguration;
			buildSettings = {
				BUNDLE_LOADER = "$(TEST_HOST)";
				CODE_SIGN_STYLE = Automatic;
				DEVELOPMENT_TEAM = CRPB5AHSY2;
				INFOPLIST_FILE = TTDLoginTestsa/Info.plist;
				LD_RUNPATH_SEARCH_PATHS = (
					"$(inherited)",
					"@executable_path/Frameworks",
					"@loader_path/Frameworks",
				);
				PRODUCT_BUNDLE_IDENTIFIER = NateW.TTDLoginTestsa;
				PRODUCT_NAME = "$(TARGET_NAME)";
				SWIFT_VERSION = 5.0;
				TARGETED_DEVICE_FAMILY = "1,2";
				TEST_HOST = "$(BUILT_PRODUCTS_DIR)/TTDLogin.app/TTDLogin";
			};
			name = Debug;
		};
		8C372CF727B85D86007A0D08 /* Release */ = {
			isa = XCBuildConfiguration;
			buildSettings = {
				BUNDLE_LOADER = "$(TEST_HOST)";
				CODE_SIGN_STYLE = Automatic;
				DEVELOPMENT_TEAM = CRPB5AHSY2;
				INFOPLIST_FILE = TTDLoginTestsa/Info.plist;
				LD_RUNPATH_SEARCH_PATHS = (
					"$(inherited)",
					"@executable_path/Frameworks",
					"@loader_path/Frameworks",
				);
				PRODUCT_BUNDLE_IDENTIFIER = NateW.TTDLoginTestsa;
				PRODUCT_NAME = "$(TARGET_NAME)";
				SWIFT_VERSION = 5.0;
				TARGETED_DEVICE_FAMILY = "1,2";
				TEST_HOST = "$(BUILT_PRODUCTS_DIR)/TTDLogin.app/TTDLogin";
			};
			name = Release;
		};
/* End XCBuildConfiguration section */

/* Begin XCConfigurationList section */
		8C372C0027B5A870007A0D08 /* Build configuration list for PBXProject "TTDLogin" */ = {
			isa = XCConfigurationList;
			buildConfigurations = (
				8C372C1727B5A879007A0D08 /* Debug */,
				8C372C1827B5A879007A0D08 /* Release */,
			);
			defaultConfigurationIsVisible = 0;
			defaultConfigurationName = Release;
		};
		8C372C1927B5A879007A0D08 /* Build configuration list for PBXNativeTarget "TTDLogin" */ = {
			isa = XCConfigurationList;
			buildConfigurations = (
				8C372C1A27B5A879007A0D08 /* Debug */,
				8C372C1B27B5A879007A0D08 /* Release */,
			);
			defaultConfigurationIsVisible = 0;
			defaultConfigurationName = Release;
		};
		8C372C2827B5AD6E007A0D08 /* Build configuration list for PBXNativeTarget "TTDLoginTests" */ = {
			isa = XCConfigurationList;
			buildConfigurations = (
				8C372C2927B5AD6E007A0D08 /* Debug */,
				8C372C2A27B5AD6E007A0D08 /* Release */,
			);
			defaultConfigurationIsVisible = 0;
			defaultConfigurationName = Release;
		};
		8C372CF527B85D86007A0D08 /* Build configuration list for PBXNativeTarget "TTDLoginTestsa" */ = {
			isa = XCConfigurationList;
			buildConfigurations = (
				8C372CF627B85D86007A0D08 /* Debug */,
				8C372CF727B85D86007A0D08 /* Release */,
			);
			defaultConfigurationIsVisible = 0;
			defaultConfigurationName = Release;
		};
/* End XCConfigurationList section */
	};
	rootObject = 8C372BFD27B5A870007A0D08 /* Project object */;
}
